// !$*UTF8*$!
{
	archiveVersion = 1;
	classes = {
	};
	objectVersion = 46;
	objects = {

/* Begin PBXBuildFile section */
		448BBD6A1D8FAA01F924CBD6 /* Pods_AnycipeTests.framework in Frameworks */ = {isa = PBXBuildFile; fileRef = 9CDC0091232684AE1141E07B /* Pods_AnycipeTests.framework */; };
		9F97C882CBD87C076CDD8914 /* Pods_Anycipe.framework in Frameworks */ = {isa = PBXBuildFile; fileRef = 7719DCA58DAAD65060E09139 /* Pods_Anycipe.framework */; };
		D82950AA1DD0FB0200B8AEA1 /* AppDelegate.swift in Sources */ = {isa = PBXBuildFile; fileRef = D82950A91DD0FB0200B8AEA1 /* AppDelegate.swift */; };
		D82950AF1DD0FB0200B8AEA1 /* Main.storyboard in Resources */ = {isa = PBXBuildFile; fileRef = D82950AD1DD0FB0200B8AEA1 /* Main.storyboard */; };
		D82950B21DD0FB0200B8AEA1 /* Anycipe.xcdatamodeld in Sources */ = {isa = PBXBuildFile; fileRef = D82950B01DD0FB0200B8AEA1 /* Anycipe.xcdatamodeld */; };
		D82950B41DD0FB0200B8AEA1 /* Assets.xcassets in Resources */ = {isa = PBXBuildFile; fileRef = D82950B31DD0FB0200B8AEA1 /* Assets.xcassets */; };
		D82950B71DD0FB0200B8AEA1 /* LaunchScreen.storyboard in Resources */ = {isa = PBXBuildFile; fileRef = D82950B51DD0FB0200B8AEA1 /* LaunchScreen.storyboard */; };
		D82950C21DD0FB0200B8AEA1 /* AnycipeTests.swift in Sources */ = {isa = PBXBuildFile; fileRef = D82950C11DD0FB0200B8AEA1 /* AnycipeTests.swift */; };
		D82950CD1DD0FB0200B8AEA1 /* AnycipeUITests.swift in Sources */ = {isa = PBXBuildFile; fileRef = D82950CC1DD0FB0200B8AEA1 /* AnycipeUITests.swift */; };
		E1752BC1E050B3460D321F58 /* Pods_AnycipeUITests.framework in Frameworks */ = {isa = PBXBuildFile; fileRef = FE5B4B108C6F002AF54E7333 /* Pods_AnycipeUITests.framework */; };
/* End PBXBuildFile section */

/* Begin PBXContainerItemProxy section */
		D82950BE1DD0FB0200B8AEA1 /* PBXContainerItemProxy */ = {
			isa = PBXContainerItemProxy;
			containerPortal = D829509E1DD0FB0200B8AEA1 /* Project object */;
			proxyType = 1;
			remoteGlobalIDString = D82950A51DD0FB0200B8AEA1;
			remoteInfo = Anycipe;
		};
		D82950C91DD0FB0200B8AEA1 /* PBXContainerItemProxy */ = {
			isa = PBXContainerItemProxy;
			containerPortal = D829509E1DD0FB0200B8AEA1 /* Project object */;
			proxyType = 1;
			remoteGlobalIDString = D82950A51DD0FB0200B8AEA1;
			remoteInfo = Anycipe;
		};
/* End PBXContainerItemProxy section */

/* Begin PBXFileReference section */
		464423BA808BCFA7C236B4E1 /* Pods-AnycipeUITests.release.xcconfig */ = {isa = PBXFileReference; includeInIndex = 1; lastKnownFileType = text.xcconfig; name = "Pods-AnycipeUITests.release.xcconfig"; path = "Pods/Target Support Files/Pods-AnycipeUITests/Pods-AnycipeUITests.release.xcconfig"; sourceTree = "<group>"; };
		49705053AD4293B75C86CC72 /* Pods-Anycipe.release.xcconfig */ = {isa = PBXFileReference; includeInIndex = 1; lastKnownFileType = text.xcconfig; name = "Pods-Anycipe.release.xcconfig"; path = "Pods/Target Support Files/Pods-Anycipe/Pods-Anycipe.release.xcconfig"; sourceTree = "<group>"; };
		7719DCA58DAAD65060E09139 /* Pods_Anycipe.framework */ = {isa = PBXFileReference; explicitFileType = wrapper.framework; includeInIndex = 0; path = Pods_Anycipe.framework; sourceTree = BUILT_PRODUCTS_DIR; };
		97221B3DAA2D4398896C006D /* Pods-AnycipeTests.debug.xcconfig */ = {isa = PBXFileReference; includeInIndex = 1; lastKnownFileType = text.xcconfig; name = "Pods-AnycipeTests.debug.xcconfig"; path = "Pods/Target Support Files/Pods-AnycipeTests/Pods-AnycipeTests.debug.xcconfig"; sourceTree = "<group>"; };
		9CDC0091232684AE1141E07B /* Pods_AnycipeTests.framework */ = {isa = PBXFileReference; explicitFileType = wrapper.framework; includeInIndex = 0; path = Pods_AnycipeTests.framework; sourceTree = BUILT_PRODUCTS_DIR; };
		C74616911B4488A3BF6D9C4B /* Pods-AnycipeTests.release.xcconfig */ = {isa = PBXFileReference; includeInIndex = 1; lastKnownFileType = text.xcconfig; name = "Pods-AnycipeTests.release.xcconfig"; path = "Pods/Target Support Files/Pods-AnycipeTests/Pods-AnycipeTests.release.xcconfig"; sourceTree = "<group>"; };
		D82950A61DD0FB0200B8AEA1 /* Anycipe.app */ = {isa = PBXFileReference; explicitFileType = wrapper.application; includeInIndex = 0; path = Anycipe.app; sourceTree = BUILT_PRODUCTS_DIR; };
		D82950A91DD0FB0200B8AEA1 /* AppDelegate.swift */ = {isa = PBXFileReference; lastKnownFileType = sourcecode.swift; path = AppDelegate.swift; sourceTree = "<group>"; };
		D82950AE1DD0FB0200B8AEA1 /* Base */ = {isa = PBXFileReference; lastKnownFileType = file.storyboard; name = Base; path = Base.lproj/Main.storyboard; sourceTree = "<group>"; };
		D82950B11DD0FB0200B8AEA1 /* Anycipe.xcdatamodel */ = {isa = PBXFileReference; lastKnownFileType = wrapper.xcdatamodel; path = Anycipe.xcdatamodel; sourceTree = "<group>"; };
		D82950B31DD0FB0200B8AEA1 /* Assets.xcassets */ = {isa = PBXFileReference; lastKnownFileType = folder.assetcatalog; path = Assets.xcassets; sourceTree = "<group>"; };
		D82950B61DD0FB0200B8AEA1 /* Base */ = {isa = PBXFileReference; lastKnownFileType = file.storyboard; name = Base; path = Base.lproj/LaunchScreen.storyboard; sourceTree = "<group>"; };
		D82950B81DD0FB0200B8AEA1 /* Info.plist */ = {isa = PBXFileReference; lastKnownFileType = text.plist.xml; path = Info.plist; sourceTree = "<group>"; };
		D82950BD1DD0FB0200B8AEA1 /* AnycipeTests.xctest */ = {isa = PBXFileReference; explicitFileType = wrapper.cfbundle; includeInIndex = 0; path = AnycipeTests.xctest; sourceTree = BUILT_PRODUCTS_DIR; };
		D82950C11DD0FB0200B8AEA1 /* AnycipeTests.swift */ = {isa = PBXFileReference; lastKnownFileType = sourcecode.swift; path = AnycipeTests.swift; sourceTree = "<group>"; };
		D82950C31DD0FB0200B8AEA1 /* Info.plist */ = {isa = PBXFileReference; lastKnownFileType = text.plist.xml; path = Info.plist; sourceTree = "<group>"; };
		D82950C81DD0FB0200B8AEA1 /* AnycipeUITests.xctest */ = {isa = PBXFileReference; explicitFileType = wrapper.cfbundle; includeInIndex = 0; path = AnycipeUITests.xctest; sourceTree = BUILT_PRODUCTS_DIR; };
		D82950CC1DD0FB0200B8AEA1 /* AnycipeUITests.swift */ = {isa = PBXFileReference; lastKnownFileType = sourcecode.swift; path = AnycipeUITests.swift; sourceTree = "<group>"; };
		D82950CE1DD0FB0200B8AEA1 /* Info.plist */ = {isa = PBXFileReference; lastKnownFileType = text.plist.xml; path = Info.plist; sourceTree = "<group>"; };
		F2BFD0AD1B3A7A6DE7040096 /* Pods-Anycipe.debug.xcconfig */ = {isa = PBXFileReference; includeInIndex = 1; lastKnownFileType = text.xcconfig; name = "Pods-Anycipe.debug.xcconfig"; path = "Pods/Target Support Files/Pods-Anycipe/Pods-Anycipe.debug.xcconfig"; sourceTree = "<group>"; };
		F9DA3E228B5C9829C9BD6E0F /* Pods-AnycipeUITests.debug.xcconfig */ = {isa = PBXFileReference; includeInIndex = 1; lastKnownFileType = text.xcconfig; name = "Pods-AnycipeUITests.debug.xcconfig"; path = "Pods/Target Support Files/Pods-AnycipeUITests/Pods-AnycipeUITests.debug.xcconfig"; sourceTree = "<group>"; };
		FE5B4B108C6F002AF54E7333 /* Pods_AnycipeUITests.framework */ = {isa = PBXFileReference; explicitFileType = wrapper.framework; includeInIndex = 0; path = Pods_AnycipeUITests.framework; sourceTree = BUILT_PRODUCTS_DIR; };
/* End PBXFileReference section */

/* Begin PBXFrameworksBuildPhase section */
		D82950A31DD0FB0200B8AEA1 /* Frameworks */ = {
			isa = PBXFrameworksBuildPhase;
			buildActionMask = 2147483647;
			files = (
				9F97C882CBD87C076CDD8914 /* Pods_Anycipe.framework in Frameworks */,
			);
			runOnlyForDeploymentPostprocessing = 0;
		};
		D82950BA1DD0FB0200B8AEA1 /* Frameworks */ = {
			isa = PBXFrameworksBuildPhase;
			buildActionMask = 2147483647;
			files = (
				448BBD6A1D8FAA01F924CBD6 /* Pods_AnycipeTests.framework in Frameworks */,
			);
			runOnlyForDeploymentPostprocessing = 0;
		};
		D82950C51DD0FB0200B8AEA1 /* Frameworks */ = {
			isa = PBXFrameworksBuildPhase;
			buildActionMask = 2147483647;
			files = (
				E1752BC1E050B3460D321F58 /* Pods_AnycipeUITests.framework in Frameworks */,
			);
			runOnlyForDeploymentPostprocessing = 0;
		};
/* End PBXFrameworksBuildPhase section */

/* Begin PBXGroup section */
		C2DBB6FA84EDD6AFE10DA624 /* Pods */ = {
			isa = PBXGroup;
			children = (
				F2BFD0AD1B3A7A6DE7040096 /* Pods-Anycipe.debug.xcconfig */,
				49705053AD4293B75C86CC72 /* Pods-Anycipe.release.xcconfig */,
				97221B3DAA2D4398896C006D /* Pods-AnycipeTests.debug.xcconfig */,
				C74616911B4488A3BF6D9C4B /* Pods-AnycipeTests.release.xcconfig */,
				F9DA3E228B5C9829C9BD6E0F /* Pods-AnycipeUITests.debug.xcconfig */,
				464423BA808BCFA7C236B4E1 /* Pods-AnycipeUITests.release.xcconfig */,
			);
			name = Pods;
			sourceTree = "<group>";
		};
		D829509D1DD0FB0200B8AEA1 = {
			isa = PBXGroup;
			children = (
				D82950A81DD0FB0200B8AEA1 /* Anycipe */,
				D82950C01DD0FB0200B8AEA1 /* AnycipeTests */,
				D82950CB1DD0FB0200B8AEA1 /* AnycipeUITests */,
				D82950A71DD0FB0200B8AEA1 /* Products */,
				C2DBB6FA84EDD6AFE10DA624 /* Pods */,
				F84F25124BB3A429696F7A50 /* Frameworks */,
			);
			sourceTree = "<group>";
		};
		D82950A71DD0FB0200B8AEA1 /* Products */ = {
			isa = PBXGroup;
			children = (
				D82950A61DD0FB0200B8AEA1 /* Anycipe.app */,
				D82950BD1DD0FB0200B8AEA1 /* AnycipeTests.xctest */,
				D82950C81DD0FB0200B8AEA1 /* AnycipeUITests.xctest */,
			);
			name = Products;
			sourceTree = "<group>";
		};
		D82950A81DD0FB0200B8AEA1 /* Anycipe */ = {
			isa = PBXGroup;
			children = (
				D82950DC1DD1D69E00B8AEA1 /* Controller */,
				D82950DB1DD1D68A00B8AEA1 /* View */,
				D82950DA1DD1D67E00B8AEA1 /* Model */,
				D82950A91DD0FB0200B8AEA1 /* AppDelegate.swift */,
				D82950B81DD0FB0200B8AEA1 /* Info.plist */,
			);
			path = Anycipe;
			sourceTree = "<group>";
		};
		D82950C01DD0FB0200B8AEA1 /* AnycipeTests */ = {
			isa = PBXGroup;
			children = (
				D82950C11DD0FB0200B8AEA1 /* AnycipeTests.swift */,
				D82950C31DD0FB0200B8AEA1 /* Info.plist */,
			);
			path = AnycipeTests;
			sourceTree = "<group>";
		};
		D82950CB1DD0FB0200B8AEA1 /* AnycipeUITests */ = {
			isa = PBXGroup;
			children = (
				D82950CC1DD0FB0200B8AEA1 /* AnycipeUITests.swift */,
				D82950CE1DD0FB0200B8AEA1 /* Info.plist */,
			);
			path = AnycipeUITests;
			sourceTree = "<group>";
		};
		D82950DA1DD1D67E00B8AEA1 /* Model */ = {
			isa = PBXGroup;
			children = (
				D82950B01DD0FB0200B8AEA1 /* Anycipe.xcdatamodeld */,
			);
			name = Model;
			sourceTree = "<group>";
		};
		D82950DB1DD1D68A00B8AEA1 /* View */ = {
			isa = PBXGroup;
			children = (
				D82950AD1DD0FB0200B8AEA1 /* Main.storyboard */,
				D82950B31DD0FB0200B8AEA1 /* Assets.xcassets */,
				D82950B51DD0FB0200B8AEA1 /* LaunchScreen.storyboard */,
			);
			name = View;
			sourceTree = "<group>";
		};
		D82950DC1DD1D69E00B8AEA1 /* Controller */ = {
			isa = PBXGroup;
			children = (
			);
			name = Controller;
			sourceTree = "<group>";
		};
		F84F25124BB3A429696F7A50 /* Frameworks */ = {
			isa = PBXGroup;
			children = (
				7719DCA58DAAD65060E09139 /* Pods_Anycipe.framework */,
				9CDC0091232684AE1141E07B /* Pods_AnycipeTests.framework */,
				FE5B4B108C6F002AF54E7333 /* Pods_AnycipeUITests.framework */,
			);
			name = Frameworks;
			sourceTree = "<group>";
		};
/* End PBXGroup section */

/* Begin PBXNativeTarget section */
		D82950A51DD0FB0200B8AEA1 /* Anycipe */ = {
			isa = PBXNativeTarget;
			buildConfigurationList = D82950D11DD0FB0200B8AEA1 /* Build configuration list for PBXNativeTarget "Anycipe" */;
			buildPhases = (
				BD277E297E64E653C762018B /* [CP] Check Pods Manifest.lock */,
				D82950A21DD0FB0200B8AEA1 /* Sources */,
				D82950A31DD0FB0200B8AEA1 /* Frameworks */,
				D82950A41DD0FB0200B8AEA1 /* Resources */,
				F3A1813D80EF658D6C78AEC0 /* [CP] Embed Pods Frameworks */,
				C6A971499F7161516379E3BA /* [CP] Copy Pods Resources */,
			);
			buildRules = (
			);
			dependencies = (
			);
			name = Anycipe;
			productName = Anycipe;
			productReference = D82950A61DD0FB0200B8AEA1 /* Anycipe.app */;
			productType = "com.apple.product-type.application";
		};
		D82950BC1DD0FB0200B8AEA1 /* AnycipeTests */ = {
			isa = PBXNativeTarget;
			buildConfigurationList = D82950D41DD0FB0200B8AEA1 /* Build configuration list for PBXNativeTarget "AnycipeTests" */;
			buildPhases = (
				EA48E2A60F0A5E56021407CC /* [CP] Check Pods Manifest.lock */,
				D82950B91DD0FB0200B8AEA1 /* Sources */,
				D82950BA1DD0FB0200B8AEA1 /* Frameworks */,
				D82950BB1DD0FB0200B8AEA1 /* Resources */,
				8067648DBDB9B88CE2FFF967 /* [CP] Embed Pods Frameworks */,
				F901BDB490452FDA8651BB37 /* [CP] Copy Pods Resources */,
			);
			buildRules = (
			);
			dependencies = (
				D82950BF1DD0FB0200B8AEA1 /* PBXTargetDependency */,
			);
			name = AnycipeTests;
			productName = AnycipeTests;
			productReference = D82950BD1DD0FB0200B8AEA1 /* AnycipeTests.xctest */;
			productType = "com.apple.product-type.bundle.unit-test";
		};
		D82950C71DD0FB0200B8AEA1 /* AnycipeUITests */ = {
			isa = PBXNativeTarget;
			buildConfigurationList = D82950D71DD0FB0200B8AEA1 /* Build configuration list for PBXNativeTarget "AnycipeUITests" */;
			buildPhases = (
				6E2A8A25E6BD56171B423408 /* [CP] Check Pods Manifest.lock */,
				D82950C41DD0FB0200B8AEA1 /* Sources */,
				D82950C51DD0FB0200B8AEA1 /* Frameworks */,
				D82950C61DD0FB0200B8AEA1 /* Resources */,
				4B8D905AF3EA221A42018E39 /* [CP] Embed Pods Frameworks */,
				F06B7D7769DA468C10435A70 /* [CP] Copy Pods Resources */,
			);
			buildRules = (
			);
			dependencies = (
				D82950CA1DD0FB0200B8AEA1 /* PBXTargetDependency */,
			);
			name = AnycipeUITests;
			productName = AnycipeUITests;
			productReference = D82950C81DD0FB0200B8AEA1 /* AnycipeUITests.xctest */;
			productType = "com.apple.product-type.bundle.ui-testing";
		};
/* End PBXNativeTarget section */

/* Begin PBXProject section */
		D829509E1DD0FB0200B8AEA1 /* Project object */ = {
			isa = PBXProject;
			attributes = {
				LastSwiftUpdateCheck = 0810;
				LastUpgradeCheck = 0810;
				ORGANIZATIONNAME = Vitaly;
				TargetAttributes = {
					D82950A51DD0FB0200B8AEA1 = {
						CreatedOnToolsVersion = 8.1;
						DevelopmentTeam = 8CWAYCQ9J7;
						ProvisioningStyle = Automatic;
					};
					D82950BC1DD0FB0200B8AEA1 = {
						CreatedOnToolsVersion = 8.1;
						DevelopmentTeam = 8CWAYCQ9J7;
						ProvisioningStyle = Automatic;
						TestTargetID = D82950A51DD0FB0200B8AEA1;
					};
					D82950C71DD0FB0200B8AEA1 = {
						CreatedOnToolsVersion = 8.1;
						DevelopmentTeam = 8CWAYCQ9J7;
						ProvisioningStyle = Automatic;
						TestTargetID = D82950A51DD0FB0200B8AEA1;
					};
				};
			};
			buildConfigurationList = D82950A11DD0FB0200B8AEA1 /* Build configuration list for PBXProject "Anycipe" */;
			compatibilityVersion = "Xcode 3.2";
			developmentRegion = English;
			hasScannedForEncodings = 0;
			knownRegions = (
				en,
				Base,
			);
			mainGroup = D829509D1DD0FB0200B8AEA1;
			productRefGroup = D82950A71DD0FB0200B8AEA1 /* Products */;
			projectDirPath = "";
			projectRoot = "";
			targets = (
				D82950A51DD0FB0200B8AEA1 /* Anycipe */,
				D82950BC1DD0FB0200B8AEA1 /* AnycipeTests */,
				D82950C71DD0FB0200B8AEA1 /* AnycipeUITests */,
			);
		};
/* End PBXProject section */

/* Begin PBXResourcesBuildPhase section */
		D82950A41DD0FB0200B8AEA1 /* Resources */ = {
			isa = PBXResourcesBuildPhase;
			buildActionMask = 2147483647;
			files = (
				D82950B71DD0FB0200B8AEA1 /* LaunchScreen.storyboard in Resources */,
				D82950B41DD0FB0200B8AEA1 /* Assets.xcassets in Resources */,
				D82950AF1DD0FB0200B8AEA1 /* Main.storyboard in Resources */,
			);
			runOnlyForDeploymentPostprocessing = 0;
		};
		D82950BB1DD0FB0200B8AEA1 /* Resources */ = {
			isa = PBXResourcesBuildPhase;
			buildActionMask = 2147483647;
			files = (
			);
			runOnlyForDeploymentPostprocessing = 0;
		};
		D82950C61DD0FB0200B8AEA1 /* Resources */ = {
			isa = PBXResourcesBuildPhase;
			buildActionMask = 2147483647;
			files = (
			);
			runOnlyForDeploymentPostprocessing = 0;
		};
/* End PBXResourcesBuildPhase section */

/* Begin PBXShellScriptBuildPhase section */
		4B8D905AF3EA221A42018E39 /* [CP] Embed Pods Frameworks */ = {
			isa = PBXShellScriptBuildPhase;
			buildActionMask = 2147483647;
			files = (
			);
			inputPaths = (
			);
			name = "[CP] Embed Pods Frameworks";
			outputPaths = (
			);
			runOnlyForDeploymentPostprocessing = 0;
			shellPath = /bin/sh;
			shellScript = "\"${SRCROOT}/Pods/Target Support Files/Pods-AnycipeUITests/Pods-AnycipeUITests-frameworks.sh\"\n";
			showEnvVarsInLog = 0;
		};
		6E2A8A25E6BD56171B423408 /* [CP] Check Pods Manifest.lock */ = {
			isa = PBXShellScriptBuildPhase;
			buildActionMask = 2147483647;
			files = (
			);
			inputPaths = (
			);
			name = "[CP] Check Pods Manifest.lock";
			outputPaths = (
			);
			runOnlyForDeploymentPostprocessing = 0;
			shellPath = /bin/sh;
			shellScript = "diff \"${PODS_ROOT}/../Podfile.lock\" \"${PODS_ROOT}/Manifest.lock\" > /dev/null\nif [ $? != 0 ] ; then\n    # print error to STDERR\n    echo \"error: The sandbox is not in sync with the Podfile.lock. Run 'pod install' or update your CocoaPods installation.\" >&2\n    exit 1\nfi\n";
			showEnvVarsInLog = 0;
		};
		8067648DBDB9B88CE2FFF967 /* [CP] Embed Pods Frameworks */ = {
			isa = PBXShellScriptBuildPhase;
			buildActionMask = 2147483647;
			files = (
			);
			inputPaths = (
			);
			name = "[CP] Embed Pods Frameworks";
			outputPaths = (
			);
			runOnlyForDeploymentPostprocessing = 0;
			shellPath = /bin/sh;
			shellScript = "\"${SRCROOT}/Pods/Target Support Files/Pods-AnycipeTests/Pods-AnycipeTests-frameworks.sh\"\n";
			showEnvVarsInLog = 0;
		};
		BD277E297E64E653C762018B /* [CP] Check Pods Manifest.lock */ = {
			isa = PBXShellScriptBuildPhase;
			buildActionMask = 2147483647;
			files = (
			);
			inputPaths = (
			);
			name = "[CP] Check Pods Manifest.lock";
			outputPaths = (
			);
			runOnlyForDeploymentPostprocessing = 0;
			shellPath = /bin/sh;
			shellScript = "diff \"${PODS_ROOT}/../Podfile.lock\" \"${PODS_ROOT}/Manifest.lock\" > /dev/null\nif [ $? != 0 ] ; then\n    # print error to STDERR\n    echo \"error: The sandbox is not in sync with the Podfile.lock. Run 'pod install' or update your CocoaPods installation.\" >&2\n    exit 1\nfi\n";
			showEnvVarsInLog = 0;
		};
		C6A971499F7161516379E3BA /* [CP] Copy Pods Resources */ = {
			isa = PBXShellScriptBuildPhase;
			buildActionMask = 2147483647;
			files = (
			);
			inputPaths = (
			);
			name = "[CP] Copy Pods Resources";
			outputPaths = (
			);
			runOnlyForDeploymentPostprocessing = 0;
			shellPath = /bin/sh;
			shellScript = "\"${SRCROOT}/Pods/Target Support Files/Pods-Anycipe/Pods-Anycipe-resources.sh\"\n";
			showEnvVarsInLog = 0;
		};
		EA48E2A60F0A5E56021407CC /* [CP] Check Pods Manifest.lock */ = {
			isa = PBXShellScriptBuildPhase;
			buildActionMask = 2147483647;
			files = (
			);
			inputPaths = (
			);
			name = "[CP] Check Pods Manifest.lock";
			outputPaths = (
			);
			runOnlyForDeploymentPostprocessing = 0;
			shellPath = /bin/sh;
			shellScript = "diff \"${PODS_ROOT}/../Podfile.lock\" \"${PODS_ROOT}/Manifest.lock\" > /dev/null\nif [ $? != 0 ] ; then\n    # print error to STDERR\n    echo \"error: The sandbox is not in sync with the Podfile.lock. Run 'pod install' or update your CocoaPods installation.\" >&2\n    exit 1\nfi\n";
			showEnvVarsInLog = 0;
		};
		F06B7D7769DA468C10435A70 /* [CP] Copy Pods Resources */ = {
			isa = PBXShellScriptBuildPhase;
			buildActionMask = 2147483647;
			files = (
			);
			inputPaths = (
			);
			name = "[CP] Copy Pods Resources";
			outputPaths = (
			);
			runOnlyForDeploymentPostprocessing = 0;
			shellPath = /bin/sh;
			shellScript = "\"${SRCROOT}/Pods/Target Support Files/Pods-AnycipeUITests/Pods-AnycipeUITests-resources.sh\"\n";
			showEnvVarsInLog = 0;
		};
		F3A1813D80EF658D6C78AEC0 /* [CP] Embed Pods Frameworks */ = {
			isa = PBXShellScriptBuildPhase;
			buildActionMask = 2147483647;
			files = (
			);
			inputPaths = (
			);
			name = "[CP] Embed Pods Frameworks";
			outputPaths = (
			);
			runOnlyForDeploymentPostprocessing = 0;
			shellPath = /bin/sh;
			shellScript = "\"${SRCROOT}/Pods/Target Support Files/Pods-Anycipe/Pods-Anycipe-frameworks.sh\"\n";
			showEnvVarsInLog = 0;
		};
		F901BDB490452FDA8651BB37 /* [CP] Copy Pods Resources */ = {
			isa = PBXShellScriptBuildPhase;
			buildActionMask = 2147483647;
			files = (
			);
			inputPaths = (
			);
			name = "[CP] Copy Pods Resources";
			outputPaths = (
			);
			runOnlyForDeploymentPostprocessing = 0;
			shellPath = /bin/sh;
			shellScript = "\"${SRCROOT}/Pods/Target Support Files/Pods-AnycipeTests/Pods-AnycipeTests-resources.sh\"\n";
			showEnvVarsInLog = 0;
		};
/* End PBXShellScriptBuildPhase section */

/* Begin PBXSourcesBuildPhase section */
		D82950A21DD0FB0200B8AEA1 /* Sources */ = {
			isa = PBXSourcesBuildPhase;
			buildActionMask = 2147483647;
			files = (
				D82950B21DD0FB0200B8AEA1 /* Anycipe.xcdatamodeld in Sources */,
				D82950AA1DD0FB0200B8AEA1 /* AppDelegate.swift in Sources */,
			);
			runOnlyForDeploymentPostprocessing = 0;
		};
		D82950B91DD0FB0200B8AEA1 /* Sources */ = {
			isa = PBXSourcesBuildPhase;
			buildActionMask = 2147483647;
			files = (
				D82950C21DD0FB0200B8AEA1 /* AnycipeTests.swift in Sources */,
			);
			runOnlyForDeploymentPostprocessing = 0;
		};
		D82950C41DD0FB0200B8AEA1 /* Sources */ = {
			isa = PBXSourcesBuildPhase;
			buildActionMask = 2147483647;
			files = (
				D82950CD1DD0FB0200B8AEA1 /* AnycipeUITests.swift in Sources */,
			);
			runOnlyForDeploymentPostprocessing = 0;
		};
/* End PBXSourcesBuildPhase section */

/* Begin PBXTargetDependency section */
		D82950BF1DD0FB0200B8AEA1 /* PBXTargetDependency */ = {
			isa = PBXTargetDependency;
			target = D82950A51DD0FB0200B8AEA1 /* Anycipe */;
			targetProxy = D82950BE1DD0FB0200B8AEA1 /* PBXContainerItemProxy */;
		};
		D82950CA1DD0FB0200B8AEA1 /* PBXTargetDependency */ = {
			isa = PBXTargetDependency;
			target = D82950A51DD0FB0200B8AEA1 /* Anycipe */;
			targetProxy = D82950C91DD0FB0200B8AEA1 /* PBXContainerItemProxy */;
		};
/* End PBXTargetDependency section */

/* Begin PBXVariantGroup section */
		D82950AD1DD0FB0200B8AEA1 /* Main.storyboard */ = {
			isa = PBXVariantGroup;
			children = (
				D82950AE1DD0FB0200B8AEA1 /* Base */,
			);
			name = Main.storyboard;
			sourceTree = "<group>";
		};
		D82950B51DD0FB0200B8AEA1 /* LaunchScreen.storyboard */ = {
			isa = PBXVariantGroup;
			children = (
				D82950B61DD0FB0200B8AEA1 /* Base */,
			);
			name = LaunchScreen.storyboard;
			sourceTree = "<group>";
		};
/* End PBXVariantGroup section */

/* Begin XCBuildConfiguration section */
		D82950CF1DD0FB0200B8AEA1 /* Debug */ = {
			isa = XCBuildConfiguration;
			buildSettings = {
				ALWAYS_SEARCH_USER_PATHS = NO;
				CLANG_ANALYZER_NONNULL = YES;
				CLANG_CXX_LANGUAGE_STANDARD = "gnu++0x";
				CLANG_CXX_LIBRARY = "libc++";
				CLANG_ENABLE_MODULES = YES;
				CLANG_ENABLE_OBJC_ARC = YES;
				CLANG_WARN_BOOL_CONVERSION = YES;
				CLANG_WARN_CONSTANT_CONVERSION = YES;
				CLANG_WARN_DIRECT_OBJC_ISA_USAGE = YES_ERROR;
				CLANG_WARN_DOCUMENTATION_COMMENTS = YES;
				CLANG_WARN_EMPTY_BODY = YES;
				CLANG_WARN_ENUM_CONVERSION = YES;
				CLANG_WARN_INFINITE_RECURSION = YES;
				CLANG_WARN_INT_CONVERSION = YES;
				CLANG_WARN_OBJC_ROOT_CLASS = YES_ERROR;
				CLANG_WARN_SUSPICIOUS_MOVES = YES;
				CLANG_WARN_UNREACHABLE_CODE = YES;
				CLANG_WARN__DUPLICATE_METHOD_MATCH = YES;
				"CODE_SIGN_IDENTITY[sdk=iphoneos*]" = "iPhone Developer";
				COPY_PHASE_STRIP = NO;
				DEBUG_INFORMATION_FORMAT = dwarf;
				ENABLE_STRICT_OBJC_MSGSEND = YES;
				ENABLE_TESTABILITY = YES;
				GCC_C_LANGUAGE_STANDARD = gnu99;
				GCC_DYNAMIC_NO_PIC = NO;
				GCC_NO_COMMON_BLOCKS = YES;
				GCC_OPTIMIZATION_LEVEL = 0;
				GCC_PREPROCESSOR_DEFINITIONS = (
					"DEBUG=1",
					"$(inherited)",
				);
				GCC_WARN_64_TO_32_BIT_CONVERSION = YES;
				GCC_WARN_ABOUT_RETURN_TYPE = YES_ERROR;
				GCC_WARN_UNDECLARED_SELECTOR = YES;
				GCC_WARN_UNINITIALIZED_AUTOS = YES_AGGRESSIVE;
				GCC_WARN_UNUSED_FUNCTION = YES;
				GCC_WARN_UNUSED_VARIABLE = YES;
				IPHONEOS_DEPLOYMENT_TARGET = 10.1;
				MTL_ENABLE_DEBUG_INFO = YES;
				ONLY_ACTIVE_ARCH = YES;
				SDKROOT = iphoneos;
				SWIFT_ACTIVE_COMPILATION_CONDITIONS = DEBUG;
				SWIFT_OPTIMIZATION_LEVEL = "-Onone";
				TARGETED_DEVICE_FAMILY = "1,2";
			};
			name = Debug;
		};
		D82950D01DD0FB0200B8AEA1 /* Release */ = {
			isa = XCBuildConfiguration;
			buildSettings = {
				ALWAYS_SEARCH_USER_PATHS = NO;
				CLANG_ANALYZER_NONNULL = YES;
				CLANG_CXX_LANGUAGE_STANDARD = "gnu++0x";
				CLANG_CXX_LIBRARY = "libc++";
				CLANG_ENABLE_MODULES = YES;
				CLANG_ENABLE_OBJC_ARC = YES;
				CLANG_WARN_BOOL_CONVERSION = YES;
				CLANG_WARN_CONSTANT_CONVERSION = YES;
				CLANG_WARN_DIRECT_OBJC_ISA_USAGE = YES_ERROR;
				CLANG_WARN_DOCUMENTATION_COMMENTS = YES;
				CLANG_WARN_EMPTY_BODY = YES;
				CLANG_WARN_ENUM_CONVERSION = YES;
				CLANG_WARN_INFINITE_RECURSION = YES;
				CLANG_WARN_INT_CONVERSION = YES;
				CLANG_WARN_OBJC_ROOT_CLASS = YES_ERROR;
				CLANG_WARN_SUSPICIOUS_MOVES = YES;
				CLANG_WARN_UNREACHABLE_CODE = YES;
				CLANG_WARN__DUPLICATE_METHOD_MATCH = YES;
				"CODE_SIGN_IDENTITY[sdk=iphoneos*]" = "iPhone Developer";
				COPY_PHASE_STRIP = NO;
				DEBUG_INFORMATION_FORMAT = "dwarf-with-dsym";
				ENABLE_NS_ASSERTIONS = NO;
				ENABLE_STRICT_OBJC_MSGSEND = YES;
				GCC_C_LANGUAGE_STANDARD = gnu99;
				GCC_NO_COMMON_BLOCKS = YES;
				GCC_WARN_64_TO_32_BIT_CONVERSION = YES;
				GCC_WARN_ABOUT_RETURN_TYPE = YES_ERROR;
				GCC_WARN_UNDECLARED_SELECTOR = YES;
				GCC_WARN_UNINITIALIZED_AUTOS = YES_AGGRESSIVE;
				GCC_WARN_UNUSED_FUNCTION = YES;
				GCC_WARN_UNUSED_VARIABLE = YES;
				IPHONEOS_DEPLOYMENT_TARGET = 10.1;
				MTL_ENABLE_DEBUG_INFO = NO;
				SDKROOT = iphoneos;
				SWIFT_OPTIMIZATION_LEVEL = "-Owholemodule";
				TARGETED_DEVICE_FAMILY = "1,2";
				VALIDATE_PRODUCT = YES;
			};
			name = Release;
		};
		D82950D21DD0FB0200B8AEA1 /* Debug */ = {
			isa = XCBuildConfiguration;
			baseConfigurationReference = F2BFD0AD1B3A7A6DE7040096 /* Pods-Anycipe.debug.xcconfig */;
			buildSettings = {
				ASSETCATALOG_COMPILER_APPICON_NAME = AppIcon;
				DEVELOPMENT_TEAM = 8CWAYCQ9J7;
				INFOPLIST_FILE = Anycipe/Info.plist;
				LD_RUNPATH_SEARCH_PATHS = "$(inherited) @executable_path/Frameworks";
				PRODUCT_BUNDLE_IDENTIFIER = Vitaly.Anycipe;
				PRODUCT_NAME = "$(TARGET_NAME)";
				SWIFT_VERSION = 3.0;
			};
			name = Debug;
		};
		D82950D31DD0FB0200B8AEA1 /* Release */ = {
			isa = XCBuildConfiguration;
			baseConfigurationReference = 49705053AD4293B75C86CC72 /* Pods-Anycipe.release.xcconfig */;
			buildSettings = {
				ASSETCATALOG_COMPILER_APPICON_NAME = AppIcon;
				DEVELOPMENT_TEAM = 8CWAYCQ9J7;
				INFOPLIST_FILE = Anycipe/Info.plist;
				LD_RUNPATH_SEARCH_PATHS = "$(inherited) @executable_path/Frameworks";
				PRODUCT_BUNDLE_IDENTIFIER = Vitaly.Anycipe;
				PRODUCT_NAME = "$(TARGET_NAME)";
				SWIFT_VERSION = 3.0;
			};
			name = Release;
		};
		D82950D51DD0FB0200B8AEA1 /* Debug */ = {
			isa = XCBuildConfiguration;
			baseConfigurationReference = 97221B3DAA2D4398896C006D /* Pods-AnycipeTests.debug.xcconfig */;
			buildSettings = {
				ALWAYS_EMBED_SWIFT_STANDARD_LIBRARIES = YES;
				BUNDLE_LOADER = "$(TEST_HOST)";
				DEVELOPMENT_TEAM = 8CWAYCQ9J7;
				INFOPLIST_FILE = AnycipeTests/Info.plist;
				LD_RUNPATH_SEARCH_PATHS = "$(inherited) @executable_path/Frameworks @loader_path/Frameworks";
				PRODUCT_BUNDLE_IDENTIFIER = Vitaly.AnycipeTests;
				PRODUCT_NAME = "$(TARGET_NAME)";
				SWIFT_VERSION = 3.0;
				TEST_HOST = "$(BUILT_PRODUCTS_DIR)/Anycipe.app/Anycipe";
			};
			name = Debug;
		};
		D82950D61DD0FB0200B8AEA1 /* Release */ = {
			isa = XCBuildConfiguration;
			baseConfigurationReference = C74616911B4488A3BF6D9C4B /* Pods-AnycipeTests.release.xcconfig */;
			buildSettings = {
				ALWAYS_EMBED_SWIFT_STANDARD_LIBRARIES = YES;
				BUNDLE_LOADER = "$(TEST_HOST)";
				DEVELOPMENT_TEAM = 8CWAYCQ9J7;
				INFOPLIST_FILE = AnycipeTests/Info.plist;
				LD_RUNPATH_SEARCH_PATHS = "$(inherited) @executable_path/Frameworks @loader_path/Frameworks";
				PRODUCT_BUNDLE_IDENTIFIER = Vitaly.AnycipeTests;
				PRODUCT_NAME = "$(TARGET_NAME)";
				SWIFT_VERSION = 3.0;
				TEST_HOST = "$(BUILT_PRODUCTS_DIR)/Anycipe.app/Anycipe";
			};
			name = Release;
		};
		D82950D81DD0FB0200B8AEA1 /* Debug */ = {
			isa = XCBuildConfiguration;
			baseConfigurationReference = F9DA3E228B5C9829C9BD6E0F /* Pods-AnycipeUITests.debug.xcconfig */;
			buildSettings = {
				ALWAYS_EMBED_SWIFT_STANDARD_LIBRARIES = YES;
				DEVELOPMENT_TEAM = 8CWAYCQ9J7;
				INFOPLIST_FILE = AnycipeUITests/Info.plist;
				LD_RUNPATH_SEARCH_PATHS = "$(inherited) @executable_path/Frameworks @loader_path/Frameworks";
				PRODUCT_BUNDLE_IDENTIFIER = Vitaly.AnycipeUITests;
				PRODUCT_NAME = "$(TARGET_NAME)";
				SWIFT_VERSION = 3.0;
				TEST_TARGET_NAME = Anycipe;
			};
			name = Debug;
		};
		D82950D91DD0FB0200B8AEA1 /* Release */ = {
			isa = XCBuildConfiguration;
			baseConfigurationReference = 464423BA808BCFA7C236B4E1 /* Pods-AnycipeUITests.release.xcconfig */;
			buildSettings = {
				ALWAYS_EMBED_SWIFT_STANDARD_LIBRARIES = YES;
				DEVELOPMENT_TEAM = 8CWAYCQ9J7;
				INFOPLIST_FILE = AnycipeUITests/Info.plist;
				LD_RUNPATH_SEARCH_PATHS = "$(inherited) @executable_path/Frameworks @loader_path/Frameworks";
				PRODUCT_BUNDLE_IDENTIFIER = Vitaly.AnycipeUITests;
				PRODUCT_NAME = "$(TARGET_NAME)";
				SWIFT_VERSION = 3.0;
				TEST_TARGET_NAME = Anycipe;
			};
			name = Release;
		};
/* End XCBuildConfiguration section */

/* Begin XCConfigurationList section */
		D82950A11DD0FB0200B8AEA1 /* Build configuration list for PBXProject "Anycipe" */ = {
			isa = XCConfigurationList;
			buildConfigurations = (
				D82950CF1DD0FB0200B8AEA1 /* Debug */,
				D82950D01DD0FB0200B8AEA1 /* Release */,
			);
			defaultConfigurationIsVisible = 0;
			defaultConfigurationName = Release;
		};
		D82950D11DD0FB0200B8AEA1 /* Build configuration list for PBXNativeTarget "Anycipe" */ = {
			isa = XCConfigurationList;
			buildConfigurations = (
				D82950D21DD0FB0200B8AEA1 /* Debug */,
				D82950D31DD0FB0200B8AEA1 /* Release */,
			);
			defaultConfigurationIsVisible = 0;
			defaultConfigurationName = Release;
		};
		D82950D41DD0FB0200B8AEA1 /* Build configuration list for PBXNativeTarget "AnycipeTests" */ = {
			isa = XCConfigurationList;
			buildConfigurations = (
				D82950D51DD0FB0200B8AEA1 /* Debug */,
				D82950D61DD0FB0200B8AEA1 /* Release */,
			);
			defaultConfigurationIsVisible = 0;
			defaultConfigurationName = Release;
		};
		D82950D71DD0FB0200B8AEA1 /* Build configuration list for PBXNativeTarget "AnycipeUITests" */ = {
			isa = XCConfigurationList;
			buildConfigurations = (
				D82950D81DD0FB0200B8AEA1 /* Debug */,
				D82950D91DD0FB0200B8AEA1 /* Release */,
			);
			defaultConfigurationIsVisible = 0;
			defaultConfigurationName = Release;
		};
/* End XCConfigurationList section */

/* Begin XCVersionGroup section */
		D82950B01DD0FB0200B8AEA1 /* Anycipe.xcdatamodeld */ = {
			isa = XCVersionGroup;
			children = (
				D82950B11DD0FB0200B8AEA1 /* Anycipe.xcdatamodel */,
			);
			currentVersion = D82950B11DD0FB0200B8AEA1 /* Anycipe.xcdatamodel */;
			path = Anycipe.xcdatamodeld;
			sourceTree = "<group>";
			versionGroupType = wrapper.xcdatamodel;
		};
/* End XCVersionGroup section */
	};
	rootObject = D829509E1DD0FB0200B8AEA1 /* Project object */;
}
